
Microsoft Visual Studio Solution File, Format Version 12.00
# Visual Studio Version 16
VisualStudioVersion = 16.0.32002.261
MinimumVisualStudioVersion = 10.0.40219.1
Project("{FAE04EC0-301F-11D3-BF4B-00C04F79EFBC}") = "DeltaCore", "DeltaCore.csproj", "{5110E445-CB4B-42D0-900A-456411C6EE54}"
EndProject
Global
	GlobalSection(SolutionConfigurationPlatforms) = preSolution
		Debug|Any CPU = Debug|Any CPU
		Release|Any CPU = Release|Any CPU
	EndGlobalSection
	GlobalSection(ProjectConfigurationPlatforms) = postSolution
		{5110E445-CB4B-42D0-900A-456411C6EE54}.Debug|Any CPU.ActiveCfg = Debug|Any CPU
		{5110E445-CB4B-42D0-900A-456411C6EE54}.Debug|Any CPU.Build.0 = Debug|Any CPU
		{5110E445-CB4B-42D0-900A-456411C6EE54}.Release|Any CPU.ActiveCfg = Release|Any CPU
		{5110E445-CB4B-42D0-900A-456411C6EE54}.Release|Any CPU.Build.0 = Release|Any CPU
	EndGlobalSection
	GlobalSection(SolutionProperties) = preSolution
		HideSolutionNode = FALSE
	EndGlobalSection
	GlobalSection(ExtensibilityGlobals) = postSolution
		SolutionGuid = {8351887A-10FE-4C5C-B7FC-98C4EAA53CDB}
	EndGlobalSection
EndGlobal
